
Microsoft Visual Studio Solution File, Format Version 12.00
# Visual Studio 15
VisualStudioVersion = 15.0.26730.16
MinimumVisualStudioVersion = 10.0.40219.1
Project("{FAE04EC0-301F-11D3-BF4B-00C04F79EFBC}") = "Connect4", "Connect4\Connect4.csproj", "{0E3E47E3-021C-4510-8EB9-EC173B4CC562}"
EndProject
Global
	GlobalSection(SolutionConfigurationPlatforms) = preSolution
		Debug|ARM = Debug|ARM
		Debug|x64 = Debug|x64
		Debug|x86 = Debug|x86
		Release|ARM = Release|ARM
		Release|x64 = Release|x64
		Release|x86 = Release|x86
	EndGlobalSection
	GlobalSection(ProjectConfigurationPlatforms) = postSolution
		{0E3E47E3-021C-4510-8EB9-EC173B4CC562}.Debug|ARM.ActiveCfg = Debug|ARM
		{0E3E47E3-021C-4510-8EB9-EC173B4CC562}.Debug|ARM.Build.0 = Debug|ARM
		{0E3E47E3-021C-4510-8EB9-EC173B4CC562}.Debug|ARM.Deploy.0 = Debug|ARM
		{0E3E47E3-021C-4510-8EB9-EC173B4CC562}.Debug|x64.ActiveCfg = Debug|x64
		{0E3E47E3-021C-4510-8EB9-EC173B4CC562}.Debug|x64.Build.0 = Debug|x64
		{0E3E47E3-021C-4510-8EB9-EC173B4CC562}.Debug|x64.Deploy.0 = Debug|x64
		{0E3E47E3-021C-4510-8EB9-EC173B4CC562}.Debug|x86.ActiveCfg = Debug|x86
		{0E3E47E3-021C-4510-8EB9-EC173B4CC562}.Debug|x86.Build.0 = Debug|x86
		{0E3E47E3-021C-4510-8EB9-EC173B4CC562}.Debug|x86.Deploy.0 = Debug|x86
		{0E3E47E3-021C-4510-8EB9-EC173B4CC562}.Release|ARM.ActiveCfg = Release|ARM
		{0E3E47E3-021C-4510-8EB9-EC173B4CC562}.Release|ARM.Build.0 = Release|ARM
		{0E3E47E3-021C-4510-8EB9-EC173B4CC562}.Release|ARM.Deploy.0 = Release|ARM
		{0E3E47E3-021C-4510-8EB9-EC173B4CC562}.Release|x64.ActiveCfg = Release|x64
		{0E3E47E3-021C-4510-8EB9-EC173B4CC562}.Release|x64.Build.0 = Release|x64
		{0E3E47E3-021C-4510-8EB9-EC173B4CC562}.Release|x64.Deploy.0 = Release|x64
		{0E3E47E3-021C-4510-8EB9-EC173B4CC562}.Release|x86.ActiveCfg = Release|x86
		{0E3E47E3-021C-4510-8EB9-EC173B4CC562}.Release|x86.Build.0 = Release|x86
		{0E3E47E3-021C-4510-8EB9-EC173B4CC562}.Release|x86.Deploy.0 = Release|x86
	EndGlobalSection
	GlobalSection(SolutionProperties) = preSolution
		HideSolutionNode = FALSE
	EndGlobalSection
	GlobalSection(ExtensibilityGlobals) = postSolution
		SolutionGuid = {90BCEE21-19A8-41B9-8BF5-A9771C0D7C5B}
	EndGlobalSection
EndGlobal
